// !$*UTF8*$!
{
	archiveVersion = 1;
	classes = {
	};
	objectVersion = 56;
	objects = {

/* Begin PBXBuildFile section */
		D9373E95292940B7001B5471 /* AppDelegate.swift in Sources */ = {isa = PBXBuildFile; fileRef = D9373E94292940B7001B5471 /* AppDelegate.swift */; };
		D9373E97292940B7001B5471 /* ViewController.swift in Sources */ = {isa = PBXBuildFile; fileRef = D9373E96292940B7001B5471 /* ViewController.swift */; };
		D9373E99292940B8001B5471 /* Assets.xcassets in Resources */ = {isa = PBXBuildFile; fileRef = D9373E98292940B8001B5471 /* Assets.xcassets */; };
		D9373E9C292940B8001B5471 /* Main.storyboard in Resources */ = {isa = PBXBuildFile; fileRef = D9373E9A292940B8001B5471 /* Main.storyboard */; };
		D97C61D72929417D00295AE6 /* Hitable.swift in Sources */ = {isa = PBXBuildFile; fileRef = D97C61CB2929417B00295AE6 /* Hitable.swift */; };
		D97C61D82929417D00295AE6 /* Lambertian.swift in Sources */ = {isa = PBXBuildFile; fileRef = D97C61CC2929417B00295AE6 /* Lambertian.swift */; };
		D97C61D92929417D00295AE6 /* RayTrace.swift in Sources */ = {isa = PBXBuildFile; fileRef = D97C61CD2929417C00295AE6 /* RayTrace.swift */; };
		D97C61DA2929417D00295AE6 /* Sphere.swift in Sources */ = {isa = PBXBuildFile; fileRef = D97C61CE2929417C00295AE6 /* Sphere.swift */; };
		D97C61DB2929417D00295AE6 /* Camera.swift in Sources */ = {isa = PBXBuildFile; fileRef = D97C61CF2929417C00295AE6 /* Camera.swift */; };
		D97C61DC2929417D00295AE6 /* Metal.swift in Sources */ = {isa = PBXBuildFile; fileRef = D97C61D02929417C00295AE6 /* Metal.swift */; };
		D97C61DD2929417D00295AE6 /* Ray.swift in Sources */ = {isa = PBXBuildFile; fileRef = D97C61D12929417C00295AE6 /* Ray.swift */; };
		D97C61DE2929417D00295AE6 /* Material.swift in Sources */ = {isa = PBXBuildFile; fileRef = D97C61D22929417C00295AE6 /* Material.swift */; };
		D97C61DF2929417D00295AE6 /* Utility.swift in Sources */ = {isa = PBXBuildFile; fileRef = D97C61D32929417C00295AE6 /* Utility.swift */; };
		D97C61E02929417D00295AE6 /* Vec3.swift in Sources */ = {isa = PBXBuildFile; fileRef = D97C61D42929417C00295AE6 /* Vec3.swift */; };
		D97C61E12929417D00295AE6 /* HitableList.swift in Sources */ = {isa = PBXBuildFile; fileRef = D97C61D52929417D00295AE6 /* HitableList.swift */; };
		D97C61E22929417D00295AE6 /* Dielectric.swift in Sources */ = {isa = PBXBuildFile; fileRef = D97C61D62929417D00295AE6 /* Dielectric.swift */; };
		D97C61E4292941C600295AE6 /* MainMenu.xib in Resources */ = {isa = PBXBuildFile; fileRef = D97C61E3292941C600295AE6 /* MainMenu.xib */; };
/* End PBXBuildFile section */

/* Begin PBXFileReference section */
		D9373E91292940B7001B5471 /* CompGraph_lab6.app */ = {isa = PBXFileReference; explicitFileType = wrapper.application; includeInIndex = 0; path = CompGraph_lab6.app; sourceTree = BUILT_PRODUCTS_DIR; };
		D9373E94292940B7001B5471 /* AppDelegate.swift */ = {isa = PBXFileReference; lastKnownFileType = sourcecode.swift; path = AppDelegate.swift; sourceTree = "<group>"; };
		D9373E96292940B7001B5471 /* ViewController.swift */ = {isa = PBXFileReference; lastKnownFileType = sourcecode.swift; path = ViewController.swift; sourceTree = "<group>"; };
		D9373E98292940B8001B5471 /* Assets.xcassets */ = {isa = PBXFileReference; lastKnownFileType = folder.assetcatalog; path = Assets.xcassets; sourceTree = "<group>"; };
		D9373E9B292940B8001B5471 /* Base */ = {isa = PBXFileReference; lastKnownFileType = file.storyboard; name = Base; path = Base.lproj/Main.storyboard; sourceTree = "<group>"; };
		D9373E9D292940B8001B5471 /* CompGraph_lab6.entitlements */ = {isa = PBXFileReference; lastKnownFileType = text.plist.entitlements; path = CompGraph_lab6.entitlements; sourceTree = "<group>"; };
		D97C61CB2929417B00295AE6 /* Hitable.swift */ = {isa = PBXFileReference; fileEncoding = 4; lastKnownFileType = sourcecode.swift; path = Hitable.swift; sourceTree = "<group>"; };
		D97C61CC2929417B00295AE6 /* Lambertian.swift */ = {isa = PBXFileReference; fileEncoding = 4; lastKnownFileType = sourcecode.swift; path = Lambertian.swift; sourceTree = "<group>"; };
		D97C61CD2929417C00295AE6 /* RayTrace.swift */ = {isa = PBXFileReference; fileEncoding = 4; lastKnownFileType = sourcecode.swift; path = RayTrace.swift; sourceTree = "<group>"; };
		D97C61CE2929417C00295AE6 /* Sphere.swift */ = {isa = PBXFileReference; fileEncoding = 4; lastKnownFileType = sourcecode.swift; path = Sphere.swift; sourceTree = "<group>"; };
		D97C61CF2929417C00295AE6 /* Camera.swift */ = {isa = PBXFileReference; fileEncoding = 4; lastKnownFileType = sourcecode.swift; path = Camera.swift; sourceTree = "<group>"; };
		D97C61D02929417C00295AE6 /* Metal.swift */ = {isa = PBXFileReference; fileEncoding = 4; lastKnownFileType = sourcecode.swift; path = Metal.swift; sourceTree = "<group>"; };
		D97C61D12929417C00295AE6 /* Ray.swift */ = {isa = PBXFileReference; fileEncoding = 4; lastKnownFileType = sourcecode.swift; path = Ray.swift; sourceTree = "<group>"; };
		D97C61D22929417C00295AE6 /* Material.swift */ = {isa = PBXFileReference; fileEncoding = 4; lastKnownFileType = sourcecode.swift; path = Material.swift; sourceTree = "<group>"; };
		D97C61D32929417C00295AE6 /* Utility.swift */ = {isa = PBXFileReference; fileEncoding = 4; lastKnownFileType = sourcecode.swift; path = Utility.swift; sourceTree = "<group>"; };
		D97C61D42929417C00295AE6 /* Vec3.swift */ = {isa = PBXFileReference; fileEncoding = 4; lastKnownFileType = sourcecode.swift; path = Vec3.swift; sourceTree = "<group>"; };
		D97C61D52929417D00295AE6 /* HitableList.swift */ = {isa = PBXFileReference; fileEncoding = 4; lastKnownFileType = sourcecode.swift; path = HitableList.swift; sourceTree = "<group>"; };
		D97C61D62929417D00295AE6 /* Dielectric.swift */ = {isa = PBXFileReference; fileEncoding = 4; lastKnownFileType = sourcecode.swift; path = Dielectric.swift; sourceTree = "<group>"; };
		D97C61E3292941C600295AE6 /* MainMenu.xib */ = {isa = PBXFileReference; fileEncoding = 4; lastKnownFileType = file.xib; path = MainMenu.xib; sourceTree = "<group>"; };
/* End PBXFileReference section */

/* Begin PBXFrameworksBuildPhase section */
		D9373E8E292940B7001B5471 /* Frameworks */ = {
			isa = PBXFrameworksBuildPhase;
			buildActionMask = 2147483647;
			files = (
			);
			runOnlyForDeploymentPostprocessing = 0;
		};
/* End PBXFrameworksBuildPhase section */

/* Begin PBXGroup section */
		D9373E88292940B7001B5471 = {
			isa = PBXGroup;
			children = (
				D9373E93292940B7001B5471 /* CompGraph_lab6 */,
				D9373E92292940B7001B5471 /* Products */,
			);
			sourceTree = "<group>";
		};
		D9373E92292940B7001B5471 /* Products */ = {
			isa = PBXGroup;
			children = (
				D9373E91292940B7001B5471 /* CompGraph_lab6.app */,
			);
			name = Products;
			sourceTree = "<group>";
		};
		D9373E93292940B7001B5471 /* CompGraph_lab6 */ = {
			isa = PBXGroup;
			children = (
				D97C61CF2929417C00295AE6 /* Camera.swift */,
				D97C61D62929417D00295AE6 /* Dielectric.swift */,
				D97C61CB2929417B00295AE6 /* Hitable.swift */,
				D97C61D52929417D00295AE6 /* HitableList.swift */,
				D97C61CC2929417B00295AE6 /* Lambertian.swift */,
				D97C61D22929417C00295AE6 /* Material.swift */,
				D97C61D02929417C00295AE6 /* Metal.swift */,
				D97C61D12929417C00295AE6 /* Ray.swift */,
				D97C61CD2929417C00295AE6 /* RayTrace.swift */,
				D97C61CE2929417C00295AE6 /* Sphere.swift */,
				D97C61D32929417C00295AE6 /* Utility.swift */,
				D97C61D42929417C00295AE6 /* Vec3.swift */,
				D9373E94292940B7001B5471 /* AppDelegate.swift */,
				D9373E96292940B7001B5471 /* ViewController.swift */,
				D9373E98292940B8001B5471 /* Assets.xcassets */,
				D9373E9A292940B8001B5471 /* Main.storyboard */,
				D97C61E3292941C600295AE6 /* MainMenu.xib */,
				D9373E9D292940B8001B5471 /* CompGraph_lab6.entitlements */,
			);
			path = CompGraph_lab6;
			sourceTree = "<group>";
		};
/* End PBXGroup section */

/* Begin PBXNativeTarget section */
		D9373E90292940B7001B5471 /* CompGraph_lab6 */ = {
			isa = PBXNativeTarget;
			buildConfigurationList = D9373EA0292940B8001B5471 /* Build configuration list for PBXNativeTarget "CompGraph_lab6" */;
			buildPhases = (
				D9373E8D292940B7001B5471 /* Sources */,
				D9373E8E292940B7001B5471 /* Frameworks */,
				D9373E8F292940B7001B5471 /* Resources */,
			);
			buildRules = (
			);
			dependencies = (
			);
			name = CompGraph_lab6;
			productName = CompGraph_lab6;
			productReference = D9373E91292940B7001B5471 /* CompGraph_lab6.app */;
			productType = "com.apple.product-type.application";
		};
/* End PBXNativeTarget section */

/* Begin PBXProject section */
		D9373E89292940B7001B5471 /* Project object */ = {
			isa = PBXProject;
			attributes = {
				BuildIndependentTargetsInParallel = 1;
				LastSwiftUpdateCheck = 1410;
				LastUpgradeCheck = 1410;
				TargetAttributes = {
					D9373E90292940B7001B5471 = {
						CreatedOnToolsVersion = 14.1;
					};
				};
			};
			buildConfigurationList = D9373E8C292940B7001B5471 /* Build configuration list for PBXProject "CompGraph_lab6" */;
			compatibilityVersion = "Xcode 14.0";
			developmentRegion = en;
			hasScannedForEncodings = 0;
			knownRegions = (
				en,
				Base,
			);
			mainGroup = D9373E88292940B7001B5471;
			productRefGroup = D9373E92292940B7001B5471 /* Products */;
			projectDirPath = "";
			projectRoot = "";
			targets = (
				D9373E90292940B7001B5471 /* CompGraph_lab6 */,
			);
		};
/* End PBXProject section */

/* Begin PBXResourcesBuildPhase section */
		D9373E8F292940B7001B5471 /* Resources */ = {
			isa = PBXResourcesBuildPhase;
			buildActionMask = 2147483647;
			files = (
				D9373E99292940B8001B5471 /* Assets.xcassets in Resources */,
				D9373E9C292940B8001B5471 /* Main.storyboard in Resources */,
				D97C61E4292941C600295AE6 /* MainMenu.xib in Resources */,
			);
			runOnlyForDeploymentPostprocessing = 0;
		};
/* End PBXResourcesBuildPhase section */

/* Begin PBXSourcesBuildPhase section */
		D9373E8D292940B7001B5471 /* Sources */ = {
			isa = PBXSourcesBuildPhase;
			buildActionMask = 2147483647;
			files = (
				D97C61DE2929417D00295AE6 /* Material.swift in Sources */,
				D97C61E12929417D00295AE6 /* HitableList.swift in Sources */,
				D97C61D72929417D00295AE6 /* Hitable.swift in Sources */,
				D97C61DC2929417D00295AE6 /* Metal.swift in Sources */,
				D97C61DF2929417D00295AE6 /* Utility.swift in Sources */,
				D97C61E22929417D00295AE6 /* Dielectric.swift in Sources */,
				D97C61D92929417D00295AE6 /* RayTrace.swift in Sources */,
				D97C61DA2929417D00295AE6 /* Sphere.swift in Sources */,
				D9373E97292940B7001B5471 /* ViewController.swift in Sources */,
				D97C61D82929417D00295AE6 /* Lambertian.swift in Sources */,
				D97C61DB2929417D00295AE6 /* Camera.swift in Sources */,
				D9373E95292940B7001B5471 /* AppDelegate.swift in Sources */,
				D97C61E02929417D00295AE6 /* Vec3.swift in Sources */,
				D97C61DD2929417D00295AE6 /* Ray.swift in Sources */,
			);
			runOnlyForDeploymentPostprocessing = 0;
		};
/* End PBXSourcesBuildPhase section */

/* Begin PBXVariantGroup section */
		D9373E9A292940B8001B5471 /* Main.storyboard */ = {
			isa = PBXVariantGroup;
			children = (
				D9373E9B292940B8001B5471 /* Base */,
			);
			name = Main.storyboard;
			sourceTree = "<group>";
		};
/* End PBXVariantGroup section */

/* Begin XCBuildConfiguration section */
		D9373E9E292940B8001B5471 /* Debug */ = {
			isa = XCBuildConfiguration;
			buildSettings = {
				ALWAYS_SEARCH_USER_PATHS = NO;
				CLANG_ANALYZER_NONNULL = YES;
				CLANG_ANALYZER_NUMBER_OBJECT_CONVERSION = YES_AGGRESSIVE;
				CLANG_CXX_LANGUAGE_STANDARD = "gnu++20";
				CLANG_ENABLE_MODULES = YES;
				CLANG_ENABLE_OBJC_ARC = YES;
				CLANG_ENABLE_OBJC_WEAK = YES;
				CLANG_WARN_BLOCK_CAPTURE_AUTORELEASING = YES;
				CLANG_WARN_BOOL_CONVERSION = YES;
				CLANG_WARN_COMMA = YES;
				CLANG_WARN_CONSTANT_CONVERSION = YES;
				CLANG_WARN_DEPRECATED_OBJC_IMPLEMENTATIONS = YES;
				CLANG_WARN_DIRECT_OBJC_ISA_USAGE = YES_ERROR;
				CLANG_WARN_DOCUMENTATION_COMMENTS = YES;
				CLANG_WARN_EMPTY_BODY = YES;
				CLANG_WARN_ENUM_CONVERSION = YES;
				CLANG_WARN_INFINITE_RECURSION = YES;
				CLANG_WARN_INT_CONVERSION = YES;
				CLANG_WARN_NON_LITERAL_NULL_CONVERSION = YES;
				CLANG_WARN_OBJC_IMPLICIT_RETAIN_SELF = YES;
				CLANG_WARN_OBJC_LITERAL_CONVERSION = YES;
				CLANG_WARN_OBJC_ROOT_CLASS = YES_ERROR;
				CLANG_WARN_QUOTED_INCLUDE_IN_FRAMEWORK_HEADER = YES;
				CLANG_WARN_RANGE_LOOP_ANALYSIS = YES;
				CLANG_WARN_STRICT_PROTOTYPES = YES;
				CLANG_WARN_SUSPICIOUS_MOVE = YES;
				CLANG_WARN_UNGUARDED_AVAILABILITY = YES_AGGRESSIVE;
				CLANG_WARN_UNREACHABLE_CODE = YES;
				CLANG_WARN__DUPLICATE_METHOD_MATCH = YES;
				COPY_PHASE_STRIP = NO;
				DEBUG_INFORMATION_FORMAT = dwarf;
				ENABLE_STRICT_OBJC_MSGSEND = YES;
				ENABLE_TESTABILITY = YES;
				GCC_C_LANGUAGE_STANDARD = gnu11;
				GCC_DYNAMIC_NO_PIC = NO;
				GCC_NO_COMMON_BLOCKS = YES;
				GCC_OPTIMIZATION_LEVEL = 0;
				GCC_PREPROCESSOR_DEFINITIONS = (
					"DEBUG=1",
					"$(inherited)",
				);
				GCC_WARN_64_TO_32_BIT_CONVERSION = YES;
				GCC_WARN_ABOUT_RETURN_TYPE = YES_ERROR;
				GCC_WARN_UNDECLARED_SELECTOR = YES;
				GCC_WARN_UNINITIALIZED_AUTOS = YES_AGGRESSIVE;
				GCC_WARN_UNUSED_FUNCTION = YES;
				GCC_WARN_UNUSED_VARIABLE = YES;
				MACOSX_DEPLOYMENT_TARGET = 12.5;
				MTL_ENABLE_DEBUG_INFO = INCLUDE_SOURCE;
				MTL_FAST_MATH = YES;
				ONLY_ACTIVE_ARCH = YES;
				SDKROOT = macosx;
				SWIFT_ACTIVE_COMPILATION_CONDITIONS = DEBUG;
				SWIFT_OPTIMIZATION_LEVEL = "-Onone";
			};
			name = Debug;
		};
		D9373E9F292940B8001B5471 /* Release */ = {
			isa = XCBuildConfiguration;
			buildSettings = {
				ALWAYS_SEARCH_USER_PATHS = NO;
				CLANG_ANALYZER_NONNULL = YES;
				CLANG_ANALYZER_NUMBER_OBJECT_CONVERSION = YES_AGGRESSIVE;
				CLANG_CXX_LANGUAGE_STANDARD = "gnu++20";
				CLANG_ENABLE_MODULES = YES;
				CLANG_ENABLE_OBJC_ARC = YES;
				CLANG_ENABLE_OBJC_WEAK = YES;
				CLANG_WARN_BLOCK_CAPTURE_AUTORELEASING = YES;
				CLANG_WARN_BOOL_CONVERSION = YES;
				CLANG_WARN_COMMA = YES;
				CLANG_WARN_CONSTANT_CONVERSION = YES;
				CLANG_WARN_DEPRECATED_OBJC_IMPLEMENTATIONS = YES;
				CLANG_WARN_DIRECT_OBJC_ISA_USAGE = YES_ERROR;
				CLANG_WARN_DOCUMENTATION_COMMENTS = YES;
				CLANG_WARN_EMPTY_BODY = YES;
				CLANG_WARN_ENUM_CONVERSION = YES;
				CLANG_WARN_INFINITE_RECURSION = YES;
				CLANG_WARN_INT_CONVERSION = YES;
				CLANG_WARN_NON_LITERAL_NULL_CONVERSION = YES;
				CLANG_WARN_OBJC_IMPLICIT_RETAIN_SELF = YES;
				CLANG_WARN_OBJC_LITERAL_CONVERSION = YES;
				CLANG_WARN_OBJC_ROOT_CLASS = YES_ERROR;
				CLANG_WARN_QUOTED_INCLUDE_IN_FRAMEWORK_HEADER = YES;
				CLANG_WARN_RANGE_LOOP_ANALYSIS = YES;
				CLANG_WARN_STRICT_PROTOTYPES = YES;
				CLANG_WARN_SUSPICIOUS_MOVE = YES;
				CLANG_WARN_UNGUARDED_AVAILABILITY = YES_AGGRESSIVE;
				CLANG_WARN_UNREACHABLE_CODE = YES;
				CLANG_WARN__DUPLICATE_METHOD_MATCH = YES;
				COPY_PHASE_STRIP = NO;
				DEBUG_INFORMATION_FORMAT = "dwarf-with-dsym";
				ENABLE_NS_ASSERTIONS = NO;
				ENABLE_STRICT_OBJC_MSGSEND = YES;
				GCC_C_LANGUAGE_STANDARD = gnu11;
				GCC_NO_COMMON_BLOCKS = YES;
				GCC_WARN_64_TO_32_BIT_CONVERSION = YES;
				GCC_WARN_ABOUT_RETURN_TYPE = YES_ERROR;
				GCC_WARN_UNDECLARED_SELECTOR = YES;
				GCC_WARN_UNINITIALIZED_AUTOS = YES_AGGRESSIVE;
				GCC_WARN_UNUSED_FUNCTION = YES;
				GCC_WARN_UNUSED_VARIABLE = YES;
				MACOSX_DEPLOYMENT_TARGET = 12.5;
				MTL_ENABLE_DEBUG_INFO = NO;
				MTL_FAST_MATH = YES;
				SDKROOT = macosx;
				SWIFT_COMPILATION_MODE = wholemodule;
				SWIFT_OPTIMIZATION_LEVEL = "-O";
			};
			name = Release;
		};
		D9373EA1292940B8001B5471 /* Debug */ = {
			isa = XCBuildConfiguration;
			buildSettings = {
				ASSETCATALOG_COMPILER_APPICON_NAME = AppIcon;
				ASSETCATALOG_COMPILER_GLOBAL_ACCENT_COLOR_NAME = AccentColor;
				CODE_SIGN_ENTITLEMENTS = CompGraph_lab6/CompGraph_lab6.entitlements;
				CODE_SIGN_STYLE = Automatic;
				COMBINE_HIDPI_IMAGES = YES;
				CURRENT_PROJECT_VERSION = 1;
				DEVELOPMENT_TEAM = V7L4ZD5T39;
				ENABLE_HARDENED_RUNTIME = YES;
				GENERATE_INFOPLIST_FILE = YES;
				INFOPLIST_KEY_NSHumanReadableCopyright = "";
				INFOPLIST_KEY_NSMainNibFile = MainMenu;
				INFOPLIST_KEY_NSPrincipalClass = NSApplication;
				INFOPLIST_KEY_UILaunchStoryboardName = "";
				LD_RUNPATH_SEARCH_PATHS = (
					"$(inherited)",
					"@executable_path/../Frameworks",
				);
				MARKETING_VERSION = 1.0;
				PRODUCT_BUNDLE_IDENTIFIER = "com.sashrass.CompGraph-lab6";
				PRODUCT_NAME = "$(TARGET_NAME)";
				SWIFT_EMIT_LOC_STRINGS = YES;
				SWIFT_VERSION = 5.0;
			};
			name = Debug;
		};
		D9373EA2292940B8001B5471 /* Release */ = {
			isa = XCBuildConfiguration;
			buildSettings = {
				ASSETCATALOG_COMPILER_APPICON_NAME = AppIcon;
				ASSETCATALOG_COMPILER_GLOBAL_ACCENT_COLOR_NAME = AccentColor;
				CODE_SIGN_ENTITLEMENTS = CompGraph_lab6/CompGraph_lab6.entitlements;
				CODE_SIGN_STYLE = Automatic;
				COMBINE_HIDPI_IMAGES = YES;
				CURRENT_PROJECT_VERSION = 1;
				DEVELOPMENT_TEAM = V7L4ZD5T39;
				ENABLE_HARDENED_RUNTIME = YES;
				GENERATE_INFOPLIST_FILE = YES;
				INFOPLIST_KEY_NSHumanReadableCopyright = "";
				INFOPLIST_KEY_NSMainNibFile = MainMenu;
				INFOPLIST_KEY_NSPrincipalClass = NSApplication;
				INFOPLIST_KEY_UILaunchStoryboardName = "";
				LD_RUNPATH_SEARCH_PATHS = (
					"$(inherited)",
					"@executable_path/../Frameworks",
				);
				MARKETING_VERSION = 1.0;
				PRODUCT_BUNDLE_IDENTIFIER = "com.sashrass.CompGraph-lab6";
				PRODUCT_NAME = "$(TARGET_NAME)";
				SWIFT_EMIT_LOC_STRINGS = YES;
				SWIFT_VERSION = 5.0;
			};
			name = Release;
		};
/* End XCBuildConfiguration section */

/* Begin XCConfigurationList section */
		D9373E8C292940B7001B5471 /* Build configuration list for PBXProject "CompGraph_lab6" */ = {
			isa = XCConfigurationList;
			buildConfigurations = (
				D9373E9E292940B8001B5471 /* Debug */,
				D9373E9F292940B8001B5471 /* Release */,
			);
			defaultConfigurationIsVisible = 0;
			defaultConfigurationName = Release;
		};
		D9373EA0292940B8001B5471 /* Build configuration list for PBXNativeTarget "CompGraph_lab6" */ = {
			isa = XCConfigurationList;
			buildConfigurations = (
				D9373EA1292940B8001B5471 /* Debug */,
				D9373EA2292940B8001B5471 /* Release */,
			);
			defaultConfigurationIsVisible = 0;
			defaultConfigurationName = Release;
		};
/* End XCConfigurationList section */
	};
	rootObject = D9373E89292940B7001B5471 /* Project object */;
}
